// !$*UTF8*$!
{
	archiveVersion = 1;
	classes = {
	};
	objectVersion = 77;
	objects = {

/* Begin PBXBuildFile section */
		DA14F13B2CE612530036F290 /* PostgresClientKit in Frameworks */ = {isa = PBXBuildFile; productRef = DA14F13A2CE612530036F290 /* PostgresClientKit */; };
		DAB6DA242CF4878400A341A9 /* README.md in Resources */ = {isa = PBXBuildFile; fileRef = DAB6DA232CF4878400A341A9 /* README.md */; };
		DAC5BE322CE3A38600E23BE0 /* ElectricSync.framework in Frameworks */ = {isa = PBXBuildFile; fileRef = DAC5BE272CE3A38500E23BE0 /* ElectricSync.framework */; };
/* End PBXBuildFile section */

/* Begin PBXContainerItemProxy section */
		DAC5BE332CE3A38600E23BE0 /* PBXContainerItemProxy */ = {
			isa = PBXContainerItemProxy;
			containerPortal = DAC5BE1E2CE3A38500E23BE0 /* Project object */;
			proxyType = 1;
			remoteGlobalIDString = DAC5BE262CE3A38500E23BE0;
			remoteInfo = ElectricSync;
		};
/* End PBXContainerItemProxy section */

/* Begin PBXFileReference section */
		DAB6DA232CF4878400A341A9 /* README.md */ = {isa = PBXFileReference; lastKnownFileType = net.daringfireball.markdown; path = README.md; sourceTree = "<group>"; };
		DAC5BE272CE3A38500E23BE0 /* ElectricSync.framework */ = {isa = PBXFileReference; explicitFileType = wrapper.framework; includeInIndex = 0; path = ElectricSync.framework; sourceTree = BUILT_PRODUCTS_DIR; };
		DAC5BE312CE3A38600E23BE0 /* ElectricSyncTests.xctest */ = {isa = PBXFileReference; explicitFileType = wrapper.cfbundle; includeInIndex = 0; path = ElectricSyncTests.xctest; sourceTree = BUILT_PRODUCTS_DIR; };
/* End PBXFileReference section */

/* Begin PBXFileSystemSynchronizedBuildFileExceptionSet section */
		DAC5BE392CE3A38600E23BE0 /* Exceptions for "ElectricSync" folder in "ElectricSync" target */ = {
			isa = PBXFileSystemSynchronizedBuildFileExceptionSet;
			publicHeaders = (
				ElectricSync.h,
			);
			target = DAC5BE262CE3A38500E23BE0 /* ElectricSync */;
		};
		DAC5BE7E2CE3A46D00E23BE0 /* Exceptions for "ElectricSync" folder in "ElectricSyncTests" target */ = {
			isa = PBXFileSystemSynchronizedBuildFileExceptionSet;
			membershipExceptions = (
				constants.swift,
				DataChangeOperation.swift,
				ElectricDecodable.swift,
				ItemListPublisher.swift,
				ShapeSubscriber.swift,
				ShapeSubscription.swift,
			);
			target = DAC5BE302CE3A38600E23BE0 /* ElectricSyncTests */;
		};
/* End PBXFileSystemSynchronizedBuildFileExceptionSet section */

/* Begin PBXFileSystemSynchronizedRootGroup section */
		DAC5BE292CE3A38500E23BE0 /* ElectricSync */ = {
			isa = PBXFileSystemSynchronizedRootGroup;
			exceptions = (
				DAC5BE392CE3A38600E23BE0 /* Exceptions for "ElectricSync" folder in "ElectricSync" target */,
				DAC5BE7E2CE3A46D00E23BE0 /* Exceptions for "ElectricSync" folder in "ElectricSyncTests" target */,
			);
			path = ElectricSync;
			sourceTree = "<group>";
		};
		DAC5BE352CE3A38600E23BE0 /* ElectricSyncTests */ = {
			isa = PBXFileSystemSynchronizedRootGroup;
			path = ElectricSyncTests;
			sourceTree = "<group>";
		};
/* End PBXFileSystemSynchronizedRootGroup section */

/* Begin PBXFrameworksBuildPhase section */
		DAC5BE242CE3A38500E23BE0 /* Frameworks */ = {
			isa = PBXFrameworksBuildPhase;
			buildActionMask = 2147483647;
			files = (
			);
			runOnlyForDeploymentPostprocessing = 0;
		};
		DAC5BE2E2CE3A38600E23BE0 /* Frameworks */ = {
			isa = PBXFrameworksBuildPhase;
			buildActionMask = 2147483647;
			files = (
				DAC5BE322CE3A38600E23BE0 /* ElectricSync.framework in Frameworks */,
				DA14F13B2CE612530036F290 /* PostgresClientKit in Frameworks */,
			);
			runOnlyForDeploymentPostprocessing = 0;
		};
/* End PBXFrameworksBuildPhase section */

/* Begin PBXGroup section */
		DAC5BE1D2CE3A38500E23BE0 = {
			isa = PBXGroup;
			children = (
				DAB6DA232CF4878400A341A9 /* README.md */,
				DAC5BE292CE3A38500E23BE0 /* ElectricSync */,
				DAC5BE352CE3A38600E23BE0 /* ElectricSyncTests */,
				DAC5BE282CE3A38500E23BE0 /* Products */,
			);
			sourceTree = "<group>";
		};
		DAC5BE282CE3A38500E23BE0 /* Products */ = {
			isa = PBXGroup;
			children = (
				DAC5BE272CE3A38500E23BE0 /* ElectricSync.framework */,
				DAC5BE312CE3A38600E23BE0 /* ElectricSyncTests.xctest */,
			);
			name = Products;
			sourceTree = "<group>";
		};
/* End PBXGroup section */

/* Begin PBXHeadersBuildPhase section */
		DAC5BE222CE3A38500E23BE0 /* Headers */ = {
			isa = PBXHeadersBuildPhase;
			buildActionMask = 2147483647;
			files = (
			);
			runOnlyForDeploymentPostprocessing = 0;
		};
/* End PBXHeadersBuildPhase section */

/* Begin PBXNativeTarget section */
		DAC5BE262CE3A38500E23BE0 /* ElectricSync */ = {
			isa = PBXNativeTarget;
			buildConfigurationList = DAC5BE3A2CE3A38600E23BE0 /* Build configuration list for PBXNativeTarget "ElectricSync" */;
			buildPhases = (
				DAC5BE222CE3A38500E23BE0 /* Headers */,
				DAC5BE232CE3A38500E23BE0 /* Sources */,
				DAC5BE242CE3A38500E23BE0 /* Frameworks */,
				DAC5BE252CE3A38500E23BE0 /* Resources */,
			);
			buildRules = (
			);
			dependencies = (
			);
			fileSystemSynchronizedGroups = (
				DAC5BE292CE3A38500E23BE0 /* ElectricSync */,
			);
			name = ElectricSync;
			packageProductDependencies = (
			);
			productName = ElectricSync;
			productReference = DAC5BE272CE3A38500E23BE0 /* ElectricSync.framework */;
			productType = "com.apple.product-type.framework";
		};
		DAC5BE302CE3A38600E23BE0 /* ElectricSyncTests */ = {
			isa = PBXNativeTarget;
			buildConfigurationList = DAC5BE3F2CE3A38600E23BE0 /* Build configuration list for PBXNativeTarget "ElectricSyncTests" */;
			buildPhases = (
				DAC5BE2D2CE3A38600E23BE0 /* Sources */,
				DAC5BE2E2CE3A38600E23BE0 /* Frameworks */,
				DAC5BE2F2CE3A38600E23BE0 /* Resources */,
			);
			buildRules = (
			);
			dependencies = (
				DAC5BE342CE3A38600E23BE0 /* PBXTargetDependency */,
			);
			fileSystemSynchronizedGroups = (
				DAC5BE352CE3A38600E23BE0 /* ElectricSyncTests */,
			);
			name = ElectricSyncTests;
			packageProductDependencies = (
				DA14F13A2CE612530036F290 /* PostgresClientKit */,
			);
			productName = ElectricSyncTests;
			productReference = DAC5BE312CE3A38600E23BE0 /* ElectricSyncTests.xctest */;
			productType = "com.apple.product-type.bundle.unit-test";
		};
/* End PBXNativeTarget section */

/* Begin PBXProject section */
		DAC5BE1E2CE3A38500E23BE0 /* Project object */ = {
			isa = PBXProject;
			attributes = {
				BuildIndependentTargetsInParallel = 1;
				LastSwiftUpdateCheck = 1600;
				LastUpgradeCheck = 1600;
				TargetAttributes = {
					DAC5BE262CE3A38500E23BE0 = {
						CreatedOnToolsVersion = 16.0;
					};
					DAC5BE302CE3A38600E23BE0 = {
						CreatedOnToolsVersion = 16.0;
					};
				};
			};
			buildConfigurationList = DAC5BE212CE3A38500E23BE0 /* Build configuration list for PBXProject "ElectricSync" */;
			developmentRegion = en;
			hasScannedForEncodings = 0;
			knownRegions = (
				en,
				Base,
			);
			mainGroup = DAC5BE1D2CE3A38500E23BE0;
			minimizedProjectReferenceProxies = 1;
			packageReferences = (
				DA14F1392CE612530036F290 /* XCRemoteSwiftPackageReference "PostgresClientKit" */,
			);
			preferredProjectObjectVersion = 77;
			productRefGroup = DAC5BE282CE3A38500E23BE0 /* Products */;
			projectDirPath = "";
			projectRoot = "";
			targets = (
				DAC5BE262CE3A38500E23BE0 /* ElectricSync */,
				DAC5BE302CE3A38600E23BE0 /* ElectricSyncTests */,
			);
		};
/* End PBXProject section */

/* Begin PBXResourcesBuildPhase section */
		DAC5BE252CE3A38500E23BE0 /* Resources */ = {
			isa = PBXResourcesBuildPhase;
			buildActionMask = 2147483647;
			files = (
				DAB6DA242CF4878400A341A9 /* README.md in Resources */,
			);
			runOnlyForDeploymentPostprocessing = 0;
		};
		DAC5BE2F2CE3A38600E23BE0 /* Resources */ = {
			isa = PBXResourcesBuildPhase;
			buildActionMask = 2147483647;
			files = (
			);
			runOnlyForDeploymentPostprocessing = 0;
		};
/* End PBXResourcesBuildPhase section */

/* Begin PBXSourcesBuildPhase section */
		DAC5BE232CE3A38500E23BE0 /* Sources */ = {
			isa = PBXSourcesBuildPhase;
			buildActionMask = 2147483647;
			files = (
			);
			runOnlyForDeploymentPostprocessing = 0;
		};
		DAC5BE2D2CE3A38600E23BE0 /* Sources */ = {
			isa = PBXSourcesBuildPhase;
			buildActionMask = 2147483647;
			files = (
			);
			runOnlyForDeploymentPostprocessing = 0;
		};
/* End PBXSourcesBuildPhase section */

/* Begin PBXTargetDependency section */
		DAC5BE342CE3A38600E23BE0 /* PBXTargetDependency */ = {
			isa = PBXTargetDependency;
			target = DAC5BE262CE3A38500E23BE0 /* ElectricSync */;
			targetProxy = DAC5BE332CE3A38600E23BE0 /* PBXContainerItemProxy */;
		};
/* End PBXTargetDependency section */

/* Begin XCBuildConfiguration section */
		DAC5BE3B2CE3A38600E23BE0 /* Debug */ = {
			isa = XCBuildConfiguration;
			buildSettings = {
				BUILD_LIBRARY_FOR_DISTRIBUTION = YES;
				CODE_SIGN_STYLE = Automatic;
				COMBINE_HIDPI_IMAGES = YES;
				CURRENT_PROJECT_VERSION = 1;
				DEFINES_MODULE = YES;
				DEVELOPMENT_TEAM = 63PT2H4G8K;
				DYLIB_COMPATIBILITY_VERSION = 1;
				DYLIB_CURRENT_VERSION = 1;
				DYLIB_INSTALL_NAME_BASE = "@rpath";
				ENABLE_MODULE_VERIFIER = YES;
				GENERATE_INFOPLIST_FILE = YES;
				INFOPLIST_KEY_NSHumanReadableCopyright = "";
				INSTALL_PATH = "$(LOCAL_LIBRARY_DIR)/Frameworks";
				LD_RUNPATH_SEARCH_PATHS = (
					"$(inherited)",
					"@executable_path/../Frameworks",
					"@loader_path/Frameworks",
				);
				MARKETING_VERSION = 1.0;
				MODULE_VERIFIER_SUPPORTED_LANGUAGES = "objective-c objective-c++";
				MODULE_VERIFIER_SUPPORTED_LANGUAGE_STANDARDS = "gnu17 gnu++20";
				PRODUCT_BUNDLE_IDENTIFIER = co.uk.glowinthedark.ElectricSync;
				PRODUCT_NAME = "$(TARGET_NAME:c99extidentifier)";
				SKIP_INSTALL = YES;
				SUPPORTED_PLATFORMS = "$(AVAILABLE_PLATFORMS)";
				SUPPORTS_MACCATALYST = YES;
				SUPPORTS_MAC_DESIGNED_FOR_IPHONE_IPAD = YES;
				SUPPORTS_XR_DESIGNED_FOR_IPHONE_IPAD = YES;
				SWIFT_EMIT_LOC_STRINGS = YES;
				SWIFT_INSTALL_OBJC_HEADER = NO;
				SWIFT_VERSION = 5.0;
				TARGETED_DEVICE_FAMILY = "1,2,3,4,6,7";
			};
			name = Debug;
		};
		DAC5BE3C2CE3A38600E23BE0 /* Release */ = {
			isa = XCBuildConfiguration;
			buildSettings = {
				BUILD_LIBRARY_FOR_DISTRIBUTION = YES;
				CODE_SIGN_STYLE = Automatic;
				COMBINE_HIDPI_IMAGES = YES;
				CURRENT_PROJECT_VERSION = 1;
				DEFINES_MODULE = YES;
				DEVELOPMENT_TEAM = 63PT2H4G8K;
				DYLIB_COMPATIBILITY_VERSION = 1;
				DYLIB_CURRENT_VERSION = 1;
				DYLIB_INSTALL_NAME_BASE = "@rpath";
				ENABLE_MODULE_VERIFIER = YES;
				GENERATE_INFOPLIST_FILE = YES;
				INFOPLIST_KEY_NSHumanReadableCopyright = "";
				INSTALL_PATH = "$(LOCAL_LIBRARY_DIR)/Frameworks";
				LD_RUNPATH_SEARCH_PATHS = (
					"$(inherited)",
					"@executable_path/../Frameworks",
					"@loader_path/Frameworks",
				);
				MARKETING_VERSION = 1.0;
				MODULE_VERIFIER_SUPPORTED_LANGUAGES = "objective-c objective-c++";
				MODULE_VERIFIER_SUPPORTED_LANGUAGE_STANDARDS = "gnu17 gnu++20";
				PRODUCT_BUNDLE_IDENTIFIER = co.uk.glowinthedark.ElectricSync;
				PRODUCT_NAME = "$(TARGET_NAME:c99extidentifier)";
				SKIP_INSTALL = YES;
				SUPPORTED_PLATFORMS = "$(AVAILABLE_PLATFORMS)";
				SUPPORTS_MACCATALYST = YES;
				SUPPORTS_MAC_DESIGNED_FOR_IPHONE_IPAD = YES;
				SUPPORTS_XR_DESIGNED_FOR_IPHONE_IPAD = YES;
				SWIFT_EMIT_LOC_STRINGS = YES;
				SWIFT_INSTALL_OBJC_HEADER = NO;
				SWIFT_VERSION = 5.0;
				TARGETED_DEVICE_FAMILY = "1,2,3,4,6,7";
			};
			name = Release;
		};
		DAC5BE3D2CE3A38600E23BE0 /* Debug */ = {
			isa = XCBuildConfiguration;
			buildSettings = {
				ALWAYS_SEARCH_USER_PATHS = NO;
				ASSETCATALOG_COMPILER_GENERATE_SWIFT_ASSET_SYMBOL_EXTENSIONS = YES;
				CLANG_ANALYZER_NONNULL = YES;
				CLANG_ANALYZER_NUMBER_OBJECT_CONVERSION = YES_AGGRESSIVE;
				CLANG_CXX_LANGUAGE_STANDARD = "gnu++20";
				CLANG_ENABLE_MODULES = YES;
				CLANG_ENABLE_OBJC_ARC = YES;
				CLANG_ENABLE_OBJC_WEAK = YES;
				CLANG_WARN_BLOCK_CAPTURE_AUTORELEASING = YES;
				CLANG_WARN_BOOL_CONVERSION = YES;
				CLANG_WARN_COMMA = YES;
				CLANG_WARN_CONSTANT_CONVERSION = YES;
				CLANG_WARN_DEPRECATED_OBJC_IMPLEMENTATIONS = YES;
				CLANG_WARN_DIRECT_OBJC_ISA_USAGE = YES_ERROR;
				CLANG_WARN_DOCUMENTATION_COMMENTS = YES;
				CLANG_WARN_EMPTY_BODY = YES;
				CLANG_WARN_ENUM_CONVERSION = YES;
				CLANG_WARN_INFINITE_RECURSION = YES;
				CLANG_WARN_INT_CONVERSION = YES;
				CLANG_WARN_NON_LITERAL_NULL_CONVERSION = YES;
				CLANG_WARN_OBJC_IMPLICIT_RETAIN_SELF = YES;
				CLANG_WARN_OBJC_LITERAL_CONVERSION = YES;
				CLANG_WARN_OBJC_ROOT_CLASS = YES_ERROR;
				CLANG_WARN_QUOTED_INCLUDE_IN_FRAMEWORK_HEADER = YES;
				CLANG_WARN_RANGE_LOOP_ANALYSIS = YES;
				CLANG_WARN_STRICT_PROTOTYPES = YES;
				CLANG_WARN_SUSPICIOUS_MOVE = YES;
				CLANG_WARN_UNGUARDED_AVAILABILITY = YES_AGGRESSIVE;
				CLANG_WARN_UNREACHABLE_CODE = YES;
				CLANG_WARN__DUPLICATE_METHOD_MATCH = YES;
				COPY_PHASE_STRIP = NO;
				CURRENT_PROJECT_VERSION = 1;
				DEBUG_INFORMATION_FORMAT = dwarf;
				ENABLE_STRICT_OBJC_MSGSEND = YES;
				ENABLE_TESTABILITY = YES;
				ENABLE_USER_SCRIPT_SANDBOXING = YES;
				GCC_C_LANGUAGE_STANDARD = gnu17;
				GCC_DYNAMIC_NO_PIC = NO;
				GCC_NO_COMMON_BLOCKS = YES;
				GCC_OPTIMIZATION_LEVEL = 0;
				GCC_PREPROCESSOR_DEFINITIONS = (
					"DEBUG=1",
					"$(inherited)",
				);
				GCC_WARN_64_TO_32_BIT_CONVERSION = YES;
				GCC_WARN_ABOUT_RETURN_TYPE = YES_ERROR;
				GCC_WARN_UNDECLARED_SELECTOR = YES;
				GCC_WARN_UNINITIALIZED_AUTOS = YES_AGGRESSIVE;
				GCC_WARN_UNUSED_FUNCTION = YES;
				GCC_WARN_UNUSED_VARIABLE = YES;
				LOCALIZATION_PREFERS_STRING_CATALOGS = YES;
				MACOSX_DEPLOYMENT_TARGET = 14.6;
				MTL_ENABLE_DEBUG_INFO = INCLUDE_SOURCE;
				MTL_FAST_MATH = YES;
				ONLY_ACTIVE_ARCH = YES;
				SDKROOT = macosx;
				SWIFT_ACTIVE_COMPILATION_CONDITIONS = "DEBUG $(inherited)";
				SWIFT_OPTIMIZATION_LEVEL = "-Onone";
				VERSIONING_SYSTEM = "apple-generic";
				VERSION_INFO_PREFIX = "";
			};
			name = Debug;
		};
		DAC5BE3E2CE3A38600E23BE0 /* Release */ = {
			isa = XCBuildConfiguration;
			buildSettings = {
				ALWAYS_SEARCH_USER_PATHS = NO;
				ASSETCATALOG_COMPILER_GENERATE_SWIFT_ASSET_SYMBOL_EXTENSIONS = YES;
				CLANG_ANALYZER_NONNULL = YES;
				CLANG_ANALYZER_NUMBER_OBJECT_CONVERSION = YES_AGGRESSIVE;
				CLANG_CXX_LANGUAGE_STANDARD = "gnu++20";
				CLANG_ENABLE_MODULES = YES;
				CLANG_ENABLE_OBJC_ARC = YES;
				CLANG_ENABLE_OBJC_WEAK = YES;
				CLANG_WARN_BLOCK_CAPTURE_AUTORELEASING = YES;
				CLANG_WARN_BOOL_CONVERSION = YES;
				CLANG_WARN_COMMA = YES;
				CLANG_WARN_CONSTANT_CONVERSION = YES;
				CLANG_WARN_DEPRECATED_OBJC_IMPLEMENTATIONS = YES;
				CLANG_WARN_DIRECT_OBJC_ISA_USAGE = YES_ERROR;
				CLANG_WARN_DOCUMENTATION_COMMENTS = YES;
				CLANG_WARN_EMPTY_BODY = YES;
				CLANG_WARN_ENUM_CONVERSION = YES;
				CLANG_WARN_INFINITE_RECURSION = YES;
				CLANG_WARN_INT_CONVERSION = YES;
				CLANG_WARN_NON_LITERAL_NULL_CONVERSION = YES;
				CLANG_WARN_OBJC_IMPLICIT_RETAIN_SELF = YES;
				CLANG_WARN_OBJC_LITERAL_CONVERSION = YES;
				CLANG_WARN_OBJC_ROOT_CLASS = YES_ERROR;
				CLANG_WARN_QUOTED_INCLUDE_IN_FRAMEWORK_HEADER = YES;
				CLANG_WARN_RANGE_LOOP_ANALYSIS = YES;
				CLANG_WARN_STRICT_PROTOTYPES = YES;
				CLANG_WARN_SUSPICIOUS_MOVE = YES;
				CLANG_WARN_UNGUARDED_AVAILABILITY = YES_AGGRESSIVE;
				CLANG_WARN_UNREACHABLE_CODE = YES;
				CLANG_WARN__DUPLICATE_METHOD_MATCH = YES;
				COPY_PHASE_STRIP = NO;
				CURRENT_PROJECT_VERSION = 1;
				DEBUG_INFORMATION_FORMAT = "dwarf-with-dsym";
				ENABLE_NS_ASSERTIONS = NO;
				ENABLE_STRICT_OBJC_MSGSEND = YES;
				ENABLE_USER_SCRIPT_SANDBOXING = YES;
				GCC_C_LANGUAGE_STANDARD = gnu17;
				GCC_NO_COMMON_BLOCKS = YES;
				GCC_WARN_64_TO_32_BIT_CONVERSION = YES;
				GCC_WARN_ABOUT_RETURN_TYPE = YES_ERROR;
				GCC_WARN_UNDECLARED_SELECTOR = YES;
				GCC_WARN_UNINITIALIZED_AUTOS = YES_AGGRESSIVE;
				GCC_WARN_UNUSED_FUNCTION = YES;
				GCC_WARN_UNUSED_VARIABLE = YES;
				LOCALIZATION_PREFERS_STRING_CATALOGS = YES;
				MACOSX_DEPLOYMENT_TARGET = 14.6;
				MTL_ENABLE_DEBUG_INFO = NO;
				MTL_FAST_MATH = YES;
				SDKROOT = macosx;
				SWIFT_COMPILATION_MODE = wholemodule;
				VERSIONING_SYSTEM = "apple-generic";
				VERSION_INFO_PREFIX = "";
			};
			name = Release;
		};
		DAC5BE402CE3A38600E23BE0 /* Debug */ = {
			isa = XCBuildConfiguration;
			buildSettings = {
				CODE_SIGN_STYLE = Automatic;
				CURRENT_PROJECT_VERSION = 1;
				DEVELOPMENT_TEAM = 63PT2H4G8K;
				GENERATE_INFOPLIST_FILE = YES;
				MARKETING_VERSION = 1.0;
				PRODUCT_BUNDLE_IDENTIFIER = co.uk.glowinthedark.ElectricSyncTests;
				PRODUCT_NAME = "$(TARGET_NAME)";
				SWIFT_EMIT_LOC_STRINGS = NO;
				SWIFT_VERSION = 5.0;
			};
			name = Debug;
		};
		DAC5BE412CE3A38600E23BE0 /* Release */ = {
			isa = XCBuildConfiguration;
			buildSettings = {
				CODE_SIGN_STYLE = Automatic;
				CURRENT_PROJECT_VERSION = 1;
				DEVELOPMENT_TEAM = 63PT2H4G8K;
				GENERATE_INFOPLIST_FILE = YES;
				MARKETING_VERSION = 1.0;
				PRODUCT_BUNDLE_IDENTIFIER = co.uk.glowinthedark.ElectricSyncTests;
				PRODUCT_NAME = "$(TARGET_NAME)";
				SWIFT_EMIT_LOC_STRINGS = NO;
				SWIFT_VERSION = 5.0;
			};
			name = Release;
		};
/* End XCBuildConfiguration section */

/* Begin XCConfigurationList section */
		DAC5BE212CE3A38500E23BE0 /* Build configuration list for PBXProject "ElectricSync" */ = {
			isa = XCConfigurationList;
			buildConfigurations = (
				DAC5BE3D2CE3A38600E23BE0 /* Debug */,
				DAC5BE3E2CE3A38600E23BE0 /* Release */,
			);
			defaultConfigurationIsVisible = 0;
			defaultConfigurationName = Release;
		};
		DAC5BE3A2CE3A38600E23BE0 /* Build configuration list for PBXNativeTarget "ElectricSync" */ = {
			isa = XCConfigurationList;
			buildConfigurations = (
				DAC5BE3B2CE3A38600E23BE0 /* Debug */,
				DAC5BE3C2CE3A38600E23BE0 /* Release */,
			);
			defaultConfigurationIsVisible = 0;
			defaultConfigurationName = Release;
		};
		DAC5BE3F2CE3A38600E23BE0 /* Build configuration list for PBXNativeTarget "ElectricSyncTests" */ = {
			isa = XCConfigurationList;
			buildConfigurations = (
				DAC5BE402CE3A38600E23BE0 /* Debug */,
				DAC5BE412CE3A38600E23BE0 /* Release */,
			);
			defaultConfigurationIsVisible = 0;
			defaultConfigurationName = Release;
		};
/* End XCConfigurationList section */

/* Begin XCRemoteSwiftPackageReference section */
		DA14F1392CE612530036F290 /* XCRemoteSwiftPackageReference "PostgresClientKit" */ = {
			isa = XCRemoteSwiftPackageReference;
			repositoryURL = "https://github.com/codewinsdotcom/PostgresClientKit.git";
			requirement = {
				branch = master;
				kind = branch;
			};
		};
/* End XCRemoteSwiftPackageReference section */

/* Begin XCSwiftPackageProductDependency section */
		DA14F13A2CE612530036F290 /* PostgresClientKit */ = {
			isa = XCSwiftPackageProductDependency;
			package = DA14F1392CE612530036F290 /* XCRemoteSwiftPackageReference "PostgresClientKit" */;
			productName = PostgresClientKit;
		};
/* End XCSwiftPackageProductDependency section */
	};
	rootObject = DAC5BE1E2CE3A38500E23BE0 /* Project object */;
}
